
Microsoft Visual Studio Solution File, Format Version 12.00
# Visual Studio 2012
Project("{FAE04EC0-301F-11D3-BF4B-00C04F79EFBC}") = "Zadatak01", "Zadatak01\Zadatak01.csproj", "{D9E58B31-B437-403B-AE21-548CAAD22BAD}"
EndProject
Project("{FAE04EC0-301F-11D3-BF4B-00C04F79EFBC}") = "Zadatak02", "Zadatak02\Zadatak02.csproj", "{71C3C880-BFC4-41C2-8878-914E57DCBBA8}"
EndProject
Project("{FAE04EC0-301F-11D3-BF4B-00C04F79EFBC}") = "Zadatak03", "Zadatak03\Zadatak03.csproj", "{3FE5BB13-192B-47DE-AD45-7725935C13DF}"
EndProject
Project("{FAE04EC0-301F-11D3-BF4B-00C04F79EFBC}") = "Zadatak04", "Zadatak04\Zadatak04.csproj", "{A72369DB-8731-42A7-B79A-6374224C13F4}"
EndProject
Project("{FAE04EC0-301F-11D3-BF4B-00C04F79EFBC}") = "Zadatak05", "Zadatak05\Zadatak05.csproj", "{105543E0-4561-43D7-8A2D-FB61EC9643BB}"
EndProject
Project("{FAE04EC0-301F-11D3-BF4B-00C04F79EFBC}") = "Zadatak06", "Zadatak06\Zadatak06.csproj", "{08370FD2-B50A-4C17-9C24-10B170DFDDB8}"
EndProject
Global
	GlobalSection(SolutionConfigurationPlatforms) = preSolution
		Debug|Any CPU = Debug|Any CPU
		Release|Any CPU = Release|Any CPU
	EndGlobalSection
	GlobalSection(ProjectConfigurationPlatforms) = postSolution
		{D9E58B31-B437-403B-AE21-548CAAD22BAD}.Debug|Any CPU.ActiveCfg = Debug|Any CPU
		{D9E58B31-B437-403B-AE21-548CAAD22BAD}.Debug|Any CPU.Build.0 = Debug|Any CPU
		{D9E58B31-B437-403B-AE21-548CAAD22BAD}.Release|Any CPU.ActiveCfg = Release|Any CPU
		{D9E58B31-B437-403B-AE21-548CAAD22BAD}.Release|Any CPU.Build.0 = Release|Any CPU
		{71C3C880-BFC4-41C2-8878-914E57DCBBA8}.Debug|Any CPU.ActiveCfg = Debug|Any CPU
		{71C3C880-BFC4-41C2-8878-914E57DCBBA8}.Debug|Any CPU.Build.0 = Debug|Any CPU
		{71C3C880-BFC4-41C2-8878-914E57DCBBA8}.Release|Any CPU.ActiveCfg = Release|Any CPU
		{71C3C880-BFC4-41C2-8878-914E57DCBBA8}.Release|Any CPU.Build.0 = Release|Any CPU
		{3FE5BB13-192B-47DE-AD45-7725935C13DF}.Debug|Any CPU.ActiveCfg = Debug|Any CPU
		{3FE5BB13-192B-47DE-AD45-7725935C13DF}.Debug|Any CPU.Build.0 = Debug|Any CPU
		{3FE5BB13-192B-47DE-AD45-7725935C13DF}.Release|Any CPU.ActiveCfg = Release|Any CPU
		{3FE5BB13-192B-47DE-AD45-7725935C13DF}.Release|Any CPU.Build.0 = Release|Any CPU
		{A72369DB-8731-42A7-B79A-6374224C13F4}.Debug|Any CPU.ActiveCfg = Debug|Any CPU
		{A72369DB-8731-42A7-B79A-6374224C13F4}.Debug|Any CPU.Build.0 = Debug|Any CPU
		{A72369DB-8731-42A7-B79A-6374224C13F4}.Release|Any CPU.ActiveCfg = Release|Any CPU
		{A72369DB-8731-42A7-B79A-6374224C13F4}.Release|Any CPU.Build.0 = Release|Any CPU
		{105543E0-4561-43D7-8A2D-FB61EC9643BB}.Debug|Any CPU.ActiveCfg = Debug|Any CPU
		{105543E0-4561-43D7-8A2D-FB61EC9643BB}.Debug|Any CPU.Build.0 = Debug|Any CPU
		{105543E0-4561-43D7-8A2D-FB61EC9643BB}.Release|Any CPU.ActiveCfg = Release|Any CPU
		{105543E0-4561-43D7-8A2D-FB61EC9643BB}.Release|Any CPU.Build.0 = Release|Any CPU
		{08370FD2-B50A-4C17-9C24-10B170DFDDB8}.Debug|Any CPU.ActiveCfg = Debug|Any CPU
		{08370FD2-B50A-4C17-9C24-10B170DFDDB8}.Debug|Any CPU.Build.0 = Debug|Any CPU
		{08370FD2-B50A-4C17-9C24-10B170DFDDB8}.Release|Any CPU.ActiveCfg = Release|Any CPU
		{08370FD2-B50A-4C17-9C24-10B170DFDDB8}.Release|Any CPU.Build.0 = Release|Any CPU
	EndGlobalSection
	GlobalSection(SolutionProperties) = preSolution
		HideSolutionNode = FALSE
	EndGlobalSection
EndGlobal
