
Microsoft Visual Studio Solution File, Format Version 12.00
# Visual Studio 2012
Project("{E24C65DC-7377-472B-9ABA-BC803B73C61A}") = "Ishod01", "http://localhost:8429", "{6FEB040B-A5B7-4904-A84B-F3E182002733}"
	ProjectSection(WebsiteProperties) = preProject
		UseIISExpress = "true"
		TargetFrameworkMoniker = ".NETFramework,Version%3Dv4.5"
		Debug.AspNetCompiler.VirtualPath = "/localhost_8429"
		Debug.AspNetCompiler.PhysicalPath = "..\Ishod01\"
		Debug.AspNetCompiler.TargetPath = "PrecompiledWeb\localhost_8429\"
		Debug.AspNetCompiler.Updateable = "true"
		Debug.AspNetCompiler.ForceOverwrite = "true"
		Debug.AspNetCompiler.FixedNames = "false"
		Debug.AspNetCompiler.Debug = "True"
		Release.AspNetCompiler.VirtualPath = "/localhost_8429"
		Release.AspNetCompiler.PhysicalPath = "..\Ishod01\"
		Release.AspNetCompiler.TargetPath = "PrecompiledWeb\localhost_8429\"
		Release.AspNetCompiler.Updateable = "true"
		Release.AspNetCompiler.ForceOverwrite = "true"
		Release.AspNetCompiler.FixedNames = "false"
		Release.AspNetCompiler.Debug = "False"
		SlnRelativePath = "..\Ishod01\"
		DefaultWebSiteLanguage = "Visual C#"
	EndProjectSection
EndProject
Project("{E24C65DC-7377-472B-9ABA-BC803B73C61A}") = "Ishod03", "http://localhost:12557", "{A234E0A0-E761-445B-8401-E1CBE4A80CE7}"
	ProjectSection(WebsiteProperties) = preProject
		UseIISExpress = "true"
		TargetFrameworkMoniker = ".NETFramework,Version%3Dv4.5"
		Debug.AspNetCompiler.VirtualPath = "/localhost_12557"
		Debug.AspNetCompiler.PhysicalPath = "..\..\Ishod03\"
		Debug.AspNetCompiler.TargetPath = "PrecompiledWeb\localhost_12557\"
		Debug.AspNetCompiler.Updateable = "true"
		Debug.AspNetCompiler.ForceOverwrite = "true"
		Debug.AspNetCompiler.FixedNames = "false"
		Debug.AspNetCompiler.Debug = "True"
		Release.AspNetCompiler.VirtualPath = "/localhost_12557"
		Release.AspNetCompiler.PhysicalPath = "..\..\Ishod03\"
		Release.AspNetCompiler.TargetPath = "PrecompiledWeb\localhost_12557\"
		Release.AspNetCompiler.Updateable = "true"
		Release.AspNetCompiler.ForceOverwrite = "true"
		Release.AspNetCompiler.FixedNames = "false"
		Release.AspNetCompiler.Debug = "False"
		SlnRelativePath = "..\..\Ishod03\"
		DefaultWebSiteLanguage = "Visual C#"
	EndProjectSection
EndProject
Global
	GlobalSection(SolutionConfigurationPlatforms) = preSolution
		Debug|Any CPU = Debug|Any CPU
	EndGlobalSection
	GlobalSection(ProjectConfigurationPlatforms) = postSolution
		{6FEB040B-A5B7-4904-A84B-F3E182002733}.Debug|Any CPU.ActiveCfg = Debug|Any CPU
		{6FEB040B-A5B7-4904-A84B-F3E182002733}.Debug|Any CPU.Build.0 = Debug|Any CPU
		{A234E0A0-E761-445B-8401-E1CBE4A80CE7}.Debug|Any CPU.ActiveCfg = Debug|Any CPU
		{A234E0A0-E761-445B-8401-E1CBE4A80CE7}.Debug|Any CPU.Build.0 = Debug|Any CPU
	EndGlobalSection
	GlobalSection(SolutionProperties) = preSolution
		HideSolutionNode = FALSE
	EndGlobalSection
EndGlobal
