
Microsoft Visual Studio Solution File, Format Version 12.00
# Visual Studio 15
Project("{FAE04EC0-301F-11D3-BF4B-00C04F79EFBC}") = "Fizika3D", "Assembly-CSharp.csproj", "{D5B1E1E1-F802-C00C-931B-2B05A562AB34}"
EndProject
Project("{FAE04EC0-301F-11D3-BF4B-00C04F79EFBC}") = "Fizika3D", "Assembly-CSharp-firstpass.csproj", "{2456ABAA-08D2-2389-1291-AF11E104BCC5}"
EndProject
Project("{FAE04EC0-301F-11D3-BF4B-00C04F79EFBC}") = "Fizika3D", "Assembly-CSharp-Editor-firstpass.csproj", "{9915B805-16FC-BD8E-3CB3-F870FBFD3106}"
EndProject
Global
	GlobalSection(SolutionConfigurationPlatforms) = preSolution
		Debug|Any CPU = Debug|Any CPU
		Release|Any CPU = Release|Any CPU
	EndGlobalSection
	GlobalSection(ProjectConfigurationPlatforms) = postSolution
		{D5B1E1E1-F802-C00C-931B-2B05A562AB34}.Debug|Any CPU.ActiveCfg = Debug|Any CPU
		{D5B1E1E1-F802-C00C-931B-2B05A562AB34}.Debug|Any CPU.Build.0 = Debug|Any CPU
		{D5B1E1E1-F802-C00C-931B-2B05A562AB34}.Release|Any CPU.ActiveCfg = Release|Any CPU
		{D5B1E1E1-F802-C00C-931B-2B05A562AB34}.Release|Any CPU.Build.0 = Release|Any CPU
		{2456ABAA-08D2-2389-1291-AF11E104BCC5}.Debug|Any CPU.ActiveCfg = Debug|Any CPU
		{2456ABAA-08D2-2389-1291-AF11E104BCC5}.Debug|Any CPU.Build.0 = Debug|Any CPU
		{2456ABAA-08D2-2389-1291-AF11E104BCC5}.Release|Any CPU.ActiveCfg = Release|Any CPU
		{2456ABAA-08D2-2389-1291-AF11E104BCC5}.Release|Any CPU.Build.0 = Release|Any CPU
		{9915B805-16FC-BD8E-3CB3-F870FBFD3106}.Debug|Any CPU.ActiveCfg = Debug|Any CPU
		{9915B805-16FC-BD8E-3CB3-F870FBFD3106}.Debug|Any CPU.Build.0 = Debug|Any CPU
		{9915B805-16FC-BD8E-3CB3-F870FBFD3106}.Release|Any CPU.ActiveCfg = Release|Any CPU
		{9915B805-16FC-BD8E-3CB3-F870FBFD3106}.Release|Any CPU.Build.0 = Release|Any CPU
	EndGlobalSection
	GlobalSection(SolutionProperties) = preSolution
		HideSolutionNode = FALSE
	EndGlobalSection
EndGlobal
