
Microsoft Visual Studio Solution File, Format Version 12.00
# Visual Studio 2012
Project("{E24C65DC-7377-472B-9ABA-BC803B73C61A}") = "Vjezbe08(1)", "http://localhost:12738", "{D327BFB3-0A68-41C6-9C43-932D0ACB4E07}"
	ProjectSection(WebsiteProperties) = preProject
		UseIISExpress = "true"
		TargetFrameworkMoniker = ".NETFramework,Version%3Dv4.5"
		Debug.AspNetCompiler.VirtualPath = "/localhost_12738"
		Debug.AspNetCompiler.PhysicalPath = "..\Vjezbe08\"
		Debug.AspNetCompiler.TargetPath = "PrecompiledWeb\localhost_12738\"
		Debug.AspNetCompiler.Updateable = "true"
		Debug.AspNetCompiler.ForceOverwrite = "true"
		Debug.AspNetCompiler.FixedNames = "false"
		Debug.AspNetCompiler.Debug = "True"
		Release.AspNetCompiler.VirtualPath = "/localhost_12738"
		Release.AspNetCompiler.PhysicalPath = "..\Vjezbe08\"
		Release.AspNetCompiler.TargetPath = "PrecompiledWeb\localhost_12738\"
		Release.AspNetCompiler.Updateable = "true"
		Release.AspNetCompiler.ForceOverwrite = "true"
		Release.AspNetCompiler.FixedNames = "false"
		Release.AspNetCompiler.Debug = "False"
		SlnRelativePath = "..\Vjezbe08\"
		DefaultWebSiteLanguage = "Visual C#"
	EndProjectSection
EndProject
Global
	GlobalSection(SolutionConfigurationPlatforms) = preSolution
		Debug|Any CPU = Debug|Any CPU
	EndGlobalSection
	GlobalSection(ProjectConfigurationPlatforms) = postSolution
		{D327BFB3-0A68-41C6-9C43-932D0ACB4E07}.Debug|Any CPU.ActiveCfg = Debug|Any CPU
		{D327BFB3-0A68-41C6-9C43-932D0ACB4E07}.Debug|Any CPU.Build.0 = Debug|Any CPU
	EndGlobalSection
	GlobalSection(SolutionProperties) = preSolution
		HideSolutionNode = FALSE
	EndGlobalSection
EndGlobal
