
Microsoft Visual Studio Solution File, Format Version 12.00
# Visual Studio 2012
Project("{FAE04EC0-301F-11D3-BF4B-00C04F79EFBC}") = "Zadatak01", "Zadatak01\Zadatak01.csproj", "{67BFAEDE-8AD1-476E-8158-58AF0BDAC5BB}"
EndProject
Project("{FAE04EC0-301F-11D3-BF4B-00C04F79EFBC}") = "Zadatak02", "Zadatak02\Zadatak02.csproj", "{2173632A-A3F4-47B1-B14B-81B9EFD01BA9}"
EndProject
Project("{FAE04EC0-301F-11D3-BF4B-00C04F79EFBC}") = "Zadatak03", "Zadatak03\Zadatak03.csproj", "{6B7705B8-3850-4F47-AFAA-45423CD3E9D4}"
EndProject
Project("{FAE04EC0-301F-11D3-BF4B-00C04F79EFBC}") = "Zadatak04", "Zadatak04\Zadatak04.csproj", "{94B2917D-EA73-4B1E-B283-DA007C88D016}"
EndProject
Project("{FAE04EC0-301F-11D3-BF4B-00C04F79EFBC}") = "Zadatak05", "Zadatak05\Zadatak05.csproj", "{3261E000-3AE8-4A61-A602-4E4AE4C41A40}"
EndProject
Project("{FAE04EC0-301F-11D3-BF4B-00C04F79EFBC}") = "Zadatak06", "Zadatak06\Zadatak06.csproj", "{605F2645-9876-443E-804E-CF74178249E6}"
EndProject
Project("{FAE04EC0-301F-11D3-BF4B-00C04F79EFBC}") = "Zadatak07", "Zadatak07\Zadatak07.csproj", "{CD620C2E-2E9B-46A4-9DC7-F68A2089EAA1}"
EndProject
Project("{FAE04EC0-301F-11D3-BF4B-00C04F79EFBC}") = "Zadatak08", "Zadatak08\Zadatak08.csproj", "{F0B45595-4347-40D5-953F-D932B632DA5B}"
EndProject
Global
	GlobalSection(SolutionConfigurationPlatforms) = preSolution
		Debug|Any CPU = Debug|Any CPU
		Release|Any CPU = Release|Any CPU
	EndGlobalSection
	GlobalSection(ProjectConfigurationPlatforms) = postSolution
		{67BFAEDE-8AD1-476E-8158-58AF0BDAC5BB}.Debug|Any CPU.ActiveCfg = Debug|Any CPU
		{67BFAEDE-8AD1-476E-8158-58AF0BDAC5BB}.Debug|Any CPU.Build.0 = Debug|Any CPU
		{67BFAEDE-8AD1-476E-8158-58AF0BDAC5BB}.Release|Any CPU.ActiveCfg = Release|Any CPU
		{67BFAEDE-8AD1-476E-8158-58AF0BDAC5BB}.Release|Any CPU.Build.0 = Release|Any CPU
		{2173632A-A3F4-47B1-B14B-81B9EFD01BA9}.Debug|Any CPU.ActiveCfg = Debug|Any CPU
		{2173632A-A3F4-47B1-B14B-81B9EFD01BA9}.Debug|Any CPU.Build.0 = Debug|Any CPU
		{2173632A-A3F4-47B1-B14B-81B9EFD01BA9}.Release|Any CPU.ActiveCfg = Release|Any CPU
		{2173632A-A3F4-47B1-B14B-81B9EFD01BA9}.Release|Any CPU.Build.0 = Release|Any CPU
		{6B7705B8-3850-4F47-AFAA-45423CD3E9D4}.Debug|Any CPU.ActiveCfg = Debug|Any CPU
		{6B7705B8-3850-4F47-AFAA-45423CD3E9D4}.Debug|Any CPU.Build.0 = Debug|Any CPU
		{6B7705B8-3850-4F47-AFAA-45423CD3E9D4}.Release|Any CPU.ActiveCfg = Release|Any CPU
		{6B7705B8-3850-4F47-AFAA-45423CD3E9D4}.Release|Any CPU.Build.0 = Release|Any CPU
		{94B2917D-EA73-4B1E-B283-DA007C88D016}.Debug|Any CPU.ActiveCfg = Debug|Any CPU
		{94B2917D-EA73-4B1E-B283-DA007C88D016}.Debug|Any CPU.Build.0 = Debug|Any CPU
		{94B2917D-EA73-4B1E-B283-DA007C88D016}.Release|Any CPU.ActiveCfg = Release|Any CPU
		{94B2917D-EA73-4B1E-B283-DA007C88D016}.Release|Any CPU.Build.0 = Release|Any CPU
		{3261E000-3AE8-4A61-A602-4E4AE4C41A40}.Debug|Any CPU.ActiveCfg = Debug|Any CPU
		{3261E000-3AE8-4A61-A602-4E4AE4C41A40}.Debug|Any CPU.Build.0 = Debug|Any CPU
		{3261E000-3AE8-4A61-A602-4E4AE4C41A40}.Release|Any CPU.ActiveCfg = Release|Any CPU
		{3261E000-3AE8-4A61-A602-4E4AE4C41A40}.Release|Any CPU.Build.0 = Release|Any CPU
		{605F2645-9876-443E-804E-CF74178249E6}.Debug|Any CPU.ActiveCfg = Debug|Any CPU
		{605F2645-9876-443E-804E-CF74178249E6}.Debug|Any CPU.Build.0 = Debug|Any CPU
		{605F2645-9876-443E-804E-CF74178249E6}.Release|Any CPU.ActiveCfg = Release|Any CPU
		{605F2645-9876-443E-804E-CF74178249E6}.Release|Any CPU.Build.0 = Release|Any CPU
		{CD620C2E-2E9B-46A4-9DC7-F68A2089EAA1}.Debug|Any CPU.ActiveCfg = Debug|Any CPU
		{CD620C2E-2E9B-46A4-9DC7-F68A2089EAA1}.Debug|Any CPU.Build.0 = Debug|Any CPU
		{CD620C2E-2E9B-46A4-9DC7-F68A2089EAA1}.Release|Any CPU.ActiveCfg = Release|Any CPU
		{CD620C2E-2E9B-46A4-9DC7-F68A2089EAA1}.Release|Any CPU.Build.0 = Release|Any CPU
		{F0B45595-4347-40D5-953F-D932B632DA5B}.Debug|Any CPU.ActiveCfg = Debug|Any CPU
		{F0B45595-4347-40D5-953F-D932B632DA5B}.Debug|Any CPU.Build.0 = Debug|Any CPU
		{F0B45595-4347-40D5-953F-D932B632DA5B}.Release|Any CPU.ActiveCfg = Release|Any CPU
		{F0B45595-4347-40D5-953F-D932B632DA5B}.Release|Any CPU.Build.0 = Release|Any CPU
	EndGlobalSection
	GlobalSection(SolutionProperties) = preSolution
		HideSolutionNode = FALSE
	EndGlobalSection
EndGlobal
