
Microsoft Visual Studio Solution File, Format Version 12.00
# Visual Studio 14
VisualStudioVersion = 14.0.25420.1
MinimumVisualStudioVersion = 10.0.40219.1
Project("{FAE04EC0-301F-11D3-BF4B-00C04F79EFBC}") = "Zadatak01", "Zadatak01\Zadatak01.csproj", "{5BADD0B2-3DE2-4E36-B522-53AACA95511E}"
EndProject
Project("{FAE04EC0-301F-11D3-BF4B-00C04F79EFBC}") = "Zadatak02", "Zadatak02\Zadatak02.csproj", "{FDB2D44C-59B8-4517-8BC7-528D4E034D36}"
EndProject
Project("{FAE04EC0-301F-11D3-BF4B-00C04F79EFBC}") = "Zadatak03", "Zadatak03\Zadatak03.csproj", "{018F8CAC-D47E-48C2-9144-6F1F2795E6EB}"
EndProject
Global
	GlobalSection(SolutionConfigurationPlatforms) = preSolution
		Debug|Any CPU = Debug|Any CPU
		Release|Any CPU = Release|Any CPU
	EndGlobalSection
	GlobalSection(ProjectConfigurationPlatforms) = postSolution
		{5BADD0B2-3DE2-4E36-B522-53AACA95511E}.Debug|Any CPU.ActiveCfg = Debug|Any CPU
		{5BADD0B2-3DE2-4E36-B522-53AACA95511E}.Debug|Any CPU.Build.0 = Debug|Any CPU
		{5BADD0B2-3DE2-4E36-B522-53AACA95511E}.Release|Any CPU.ActiveCfg = Release|Any CPU
		{5BADD0B2-3DE2-4E36-B522-53AACA95511E}.Release|Any CPU.Build.0 = Release|Any CPU
		{FDB2D44C-59B8-4517-8BC7-528D4E034D36}.Debug|Any CPU.ActiveCfg = Debug|Any CPU
		{FDB2D44C-59B8-4517-8BC7-528D4E034D36}.Debug|Any CPU.Build.0 = Debug|Any CPU
		{FDB2D44C-59B8-4517-8BC7-528D4E034D36}.Release|Any CPU.ActiveCfg = Release|Any CPU
		{FDB2D44C-59B8-4517-8BC7-528D4E034D36}.Release|Any CPU.Build.0 = Release|Any CPU
		{018F8CAC-D47E-48C2-9144-6F1F2795E6EB}.Debug|Any CPU.ActiveCfg = Debug|Any CPU
		{018F8CAC-D47E-48C2-9144-6F1F2795E6EB}.Debug|Any CPU.Build.0 = Debug|Any CPU
		{018F8CAC-D47E-48C2-9144-6F1F2795E6EB}.Release|Any CPU.ActiveCfg = Release|Any CPU
		{018F8CAC-D47E-48C2-9144-6F1F2795E6EB}.Release|Any CPU.Build.0 = Release|Any CPU
	EndGlobalSection
	GlobalSection(SolutionProperties) = preSolution
		HideSolutionNode = FALSE
	EndGlobalSection
EndGlobal
