
Microsoft Visual Studio Solution File, Format Version 12.00
# Visual Studio 2012
Project("{E24C65DC-7377-472B-9ABA-BC803B73C61A}") = "DZ1MatijaHuremovic1", "http://localhost:49249", "{E8742B87-CF11-407A-A691-F1C720EC9504}"
	ProjectSection(WebsiteProperties) = preProject
		UseIISExpress = "true"
		TargetFrameworkMoniker = ".NETFramework,Version%3Dv4.5"
		Debug.AspNetCompiler.VirtualPath = "/localhost_49249"
		Debug.AspNetCompiler.PhysicalPath = "..\DZ1MatijaHuremovic1\"
		Debug.AspNetCompiler.TargetPath = "PrecompiledWeb\localhost_49249\"
		Debug.AspNetCompiler.Updateable = "true"
		Debug.AspNetCompiler.ForceOverwrite = "true"
		Debug.AspNetCompiler.FixedNames = "false"
		Debug.AspNetCompiler.Debug = "True"
		Release.AspNetCompiler.VirtualPath = "/localhost_49249"
		Release.AspNetCompiler.PhysicalPath = "..\DZ1MatijaHuremovic1\"
		Release.AspNetCompiler.TargetPath = "PrecompiledWeb\localhost_49249\"
		Release.AspNetCompiler.Updateable = "true"
		Release.AspNetCompiler.ForceOverwrite = "true"
		Release.AspNetCompiler.FixedNames = "false"
		Release.AspNetCompiler.Debug = "False"
		SlnRelativePath = "..\DZ1MatijaHuremovic1\"
		DefaultWebSiteLanguage = "Visual C#"
	EndProjectSection
EndProject
Global
	GlobalSection(SolutionConfigurationPlatforms) = preSolution
		Debug|Any CPU = Debug|Any CPU
	EndGlobalSection
	GlobalSection(ProjectConfigurationPlatforms) = postSolution
		{E8742B87-CF11-407A-A691-F1C720EC9504}.Debug|Any CPU.ActiveCfg = Debug|Any CPU
		{E8742B87-CF11-407A-A691-F1C720EC9504}.Debug|Any CPU.Build.0 = Debug|Any CPU
	EndGlobalSection
	GlobalSection(SolutionProperties) = preSolution
		HideSolutionNode = FALSE
	EndGlobalSection
EndGlobal
