
Microsoft Visual Studio Solution File, Format Version 12.00
# Visual Studio 2012
Project("{FAE04EC0-301F-11D3-BF4B-00C04F79EFBC}") = "IISVjezbe09Klijent", "IISVjezbe09Klijent\IISVjezbe09Klijent.csproj", "{44FDC631-8ED1-4A5B-BC0C-968B04A3037A}"
EndProject
Global
	GlobalSection(SolutionConfigurationPlatforms) = preSolution
		Debug|Any CPU = Debug|Any CPU
		Release|Any CPU = Release|Any CPU
	EndGlobalSection
	GlobalSection(ProjectConfigurationPlatforms) = postSolution
		{44FDC631-8ED1-4A5B-BC0C-968B04A3037A}.Debug|Any CPU.ActiveCfg = Debug|Any CPU
		{44FDC631-8ED1-4A5B-BC0C-968B04A3037A}.Debug|Any CPU.Build.0 = Debug|Any CPU
		{44FDC631-8ED1-4A5B-BC0C-968B04A3037A}.Release|Any CPU.ActiveCfg = Release|Any CPU
		{44FDC631-8ED1-4A5B-BC0C-968B04A3037A}.Release|Any CPU.Build.0 = Release|Any CPU
	EndGlobalSection
	GlobalSection(SolutionProperties) = preSolution
		HideSolutionNode = FALSE
	EndGlobalSection
EndGlobal
